
Microsoft Visual Studio Solution File, Format Version 12.00
# Visual Studio 15
VisualStudioVersion = 15.0.27428.2005
MinimumVisualStudioVersion = 10.0.40219.1
Project("{FAE04EC0-301F-11D3-BF4B-00C04F79EFBC}") = "QuestHelper.Android", "QuestHelper\QuestHelper.Android\QuestHelper.Android.csproj", "{C1D5343E-58C0-4D31-921D-FCA1BC3C3741}"
EndProject
Project("{FAE04EC0-301F-11D3-BF4B-00C04F79EFBC}") = "QuestHelper.iOS", "QuestHelper\QuestHelper.iOS\QuestHelper.iOS.csproj", "{4C8F7F98-E52C-4101-ACFE-1D3585D3F67D}"
EndProject
Project("{9A19103F-16F7-4668-BE54-9A1E7A4F7556}") = "QuestHelper", "QuestHelper\QuestHelper\QuestHelper.csproj", "{1EE8FBA7-5DF5-4F1D-BB77-0F2C2C220828}"
EndProject
Project("{9A19103F-16F7-4668-BE54-9A1E7A4F7556}") = "QuestHelper.Server", "QuestHelper\QuestHelper.Server\QuestHelper.Server.csproj", "{DF7648BA-6FE6-4E0A-A921-0927D7D28239}"
EndProject
Project("{9A19103F-16F7-4668-BE54-9A1E7A4F7556}") = "QuestHelper.LocalDB", "QuestHelper\QuestHelper.LocalDB\QuestHelper.LocalDB.csproj", "{57965BA0-B86A-42F8-B9D8-06235B1C004B}"
EndProject
Project("{9A19103F-16F7-4668-BE54-9A1E7A4F7556}") = "QuestHelper.Tests", "QuestHelper\QuestHelper.Tests\QuestHelper.Tests.csproj", "{E8F0B2E1-D9E4-46D7-A0F8-5712D949AE4F}"
EndProject
Project("{9A19103F-16F7-4668-BE54-9A1E7A4F7556}") = "QuestHelperServer.Tests", "QuestHelper\QuestHelperServer.Tests\QuestHelperServer.Tests.csproj", "{5C6AB982-4CCE-4139-9DC6-5223DE6D906A}"
EndProject
Project("{9A19103F-16F7-4668-BE54-9A1E7A4F7556}") = "QuestHelper.SharedModelsWS", "QuestHelper.ModelsWS\QuestHelper.SharedModelsWS.csproj", "{363A1DC9-D63F-482F-9AA4-47ABA728D6B6}"
EndProject
Global
	GlobalSection(SolutionConfigurationPlatforms) = preSolution
		Ad-Hoc|Any CPU = Ad-Hoc|Any CPU
		Ad-Hoc|iPhone = Ad-Hoc|iPhone
		Ad-Hoc|iPhoneSimulator = Ad-Hoc|iPhoneSimulator
		AppStore|Any CPU = AppStore|Any CPU
		AppStore|iPhone = AppStore|iPhone
		AppStore|iPhoneSimulator = AppStore|iPhoneSimulator
		Debug|Any CPU = Debug|Any CPU
		Debug|iPhone = Debug|iPhone
		Debug|iPhoneSimulator = Debug|iPhoneSimulator
		Gorilla|Any CPU = Gorilla|Any CPU
		Gorilla|iPhone = Gorilla|iPhone
		Gorilla|iPhoneSimulator = Gorilla|iPhoneSimulator
		Release|Any CPU = Release|Any CPU
		Release|iPhone = Release|iPhone
		Release|iPhoneSimulator = Release|iPhoneSimulator
	EndGlobalSection
	GlobalSection(ProjectConfigurationPlatforms) = postSolution
		{C1D5343E-58C0-4D31-921D-FCA1BC3C3741}.Ad-Hoc|Any CPU.ActiveCfg = Release|Any CPU
		{C1D5343E-58C0-4D31-921D-FCA1BC3C3741}.Ad-Hoc|Any CPU.Build.0 = Release|Any CPU
		{C1D5343E-58C0-4D31-921D-FCA1BC3C3741}.Ad-Hoc|Any CPU.Deploy.0 = Release|Any CPU
		{C1D5343E-58C0-4D31-921D-FCA1BC3C3741}.Ad-Hoc|iPhone.ActiveCfg = Release|Any CPU
		{C1D5343E-58C0-4D31-921D-FCA1BC3C3741}.Ad-Hoc|iPhone.Build.0 = Release|Any CPU
		{C1D5343E-58C0-4D31-921D-FCA1BC3C3741}.Ad-Hoc|iPhone.Deploy.0 = Release|Any CPU
		{C1D5343E-58C0-4D31-921D-FCA1BC3C3741}.Ad-Hoc|iPhoneSimulator.ActiveCfg = Release|Any CPU
		{C1D5343E-58C0-4D31-921D-FCA1BC3C3741}.Ad-Hoc|iPhoneSimulator.Build.0 = Release|Any CPU
		{C1D5343E-58C0-4D31-921D-FCA1BC3C3741}.Ad-Hoc|iPhoneSimulator.Deploy.0 = Release|Any CPU
		{C1D5343E-58C0-4D31-921D-FCA1BC3C3741}.AppStore|Any CPU.ActiveCfg = Release|Any CPU
		{C1D5343E-58C0-4D31-921D-FCA1BC3C3741}.AppStore|Any CPU.Build.0 = Release|Any CPU
		{C1D5343E-58C0-4D31-921D-FCA1BC3C3741}.AppStore|Any CPU.Deploy.0 = Release|Any CPU
		{C1D5343E-58C0-4D31-921D-FCA1BC3C3741}.AppStore|iPhone.ActiveCfg = Release|Any CPU
		{C1D5343E-58C0-4D31-921D-FCA1BC3C3741}.AppStore|iPhone.Build.0 = Release|Any CPU
		{C1D5343E-58C0-4D31-921D-FCA1BC3C3741}.AppStore|iPhone.Deploy.0 = Release|Any CPU
		{C1D5343E-58C0-4D31-921D-FCA1BC3C3741}.AppStore|iPhoneSimulator.ActiveCfg = Release|Any CPU
		{C1D5343E-58C0-4D31-921D-FCA1BC3C3741}.AppStore|iPhoneSimulator.Build.0 = Release|Any CPU
		{C1D5343E-58C0-4D31-921D-FCA1BC3C3741}.AppStore|iPhoneSimulator.Deploy.0 = Release|Any CPU
		{C1D5343E-58C0-4D31-921D-FCA1BC3C3741}.Debug|Any CPU.ActiveCfg = Debug|Any CPU
		{C1D5343E-58C0-4D31-921D-FCA1BC3C3741}.Debug|Any CPU.Build.0 = Debug|Any CPU
		{C1D5343E-58C0-4D31-921D-FCA1BC3C3741}.Debug|Any CPU.Deploy.0 = Debug|Any CPU
		{C1D5343E-58C0-4D31-921D-FCA1BC3C3741}.Debug|iPhone.ActiveCfg = Debug|Any CPU
		{C1D5343E-58C0-4D31-921D-FCA1BC3C3741}.Debug|iPhone.Build.0 = Debug|Any CPU
		{C1D5343E-58C0-4D31-921D-FCA1BC3C3741}.Debug|iPhone.Deploy.0 = Debug|Any CPU
		{C1D5343E-58C0-4D31-921D-FCA1BC3C3741}.Debug|iPhoneSimulator.ActiveCfg = Debug|Any CPU
		{C1D5343E-58C0-4D31-921D-FCA1BC3C3741}.Debug|iPhoneSimulator.Build.0 = Debug|Any CPU
		{C1D5343E-58C0-4D31-921D-FCA1BC3C3741}.Debug|iPhoneSimulator.Deploy.0 = Debug|Any CPU
		{C1D5343E-58C0-4D31-921D-FCA1BC3C3741}.Gorilla|Any CPU.ActiveCfg = Debug|Any CPU
		{C1D5343E-58C0-4D31-921D-FCA1BC3C3741}.Gorilla|Any CPU.Build.0 = Debug|Any CPU
		{C1D5343E-58C0-4D31-921D-FCA1BC3C3741}.Gorilla|Any CPU.Deploy.0 = Debug|Any CPU
		{C1D5343E-58C0-4D31-921D-FCA1BC3C3741}.Gorilla|iPhone.ActiveCfg = Debug|Any CPU
		{C1D5343E-58C0-4D31-921D-FCA1BC3C3741}.Gorilla|iPhone.Build.0 = Debug|Any CPU
		{C1D5343E-58C0-4D31-921D-FCA1BC3C3741}.Gorilla|iPhone.Deploy.0 = Debug|Any CPU
		{C1D5343E-58C0-4D31-921D-FCA1BC3C3741}.Gorilla|iPhoneSimulator.ActiveCfg = Debug|Any CPU
		{C1D5343E-58C0-4D31-921D-FCA1BC3C3741}.Gorilla|iPhoneSimulator.Build.0 = Debug|Any CPU
		{C1D5343E-58C0-4D31-921D-FCA1BC3C3741}.Gorilla|iPhoneSimulator.Deploy.0 = Debug|Any CPU
		{C1D5343E-58C0-4D31-921D-FCA1BC3C3741}.Release|Any CPU.ActiveCfg = Release|Any CPU
		{C1D5343E-58C0-4D31-921D-FCA1BC3C3741}.Release|Any CPU.Build.0 = Release|Any CPU
		{C1D5343E-58C0-4D31-921D-FCA1BC3C3741}.Release|Any CPU.Deploy.0 = Release|Any CPU
		{C1D5343E-58C0-4D31-921D-FCA1BC3C3741}.Release|iPhone.ActiveCfg = Release|Any CPU
		{C1D5343E-58C0-4D31-921D-FCA1BC3C3741}.Release|iPhone.Build.0 = Release|Any CPU
		{C1D5343E-58C0-4D31-921D-FCA1BC3C3741}.Release|iPhone.Deploy.0 = Release|Any CPU
		{C1D5343E-58C0-4D31-921D-FCA1BC3C3741}.Release|iPhoneSimulator.ActiveCfg = Release|Any CPU
		{C1D5343E-58C0-4D31-921D-FCA1BC3C3741}.Release|iPhoneSimulator.Build.0 = Release|Any CPU
		{C1D5343E-58C0-4D31-921D-FCA1BC3C3741}.Release|iPhoneSimulator.Deploy.0 = Release|Any CPU
		{4C8F7F98-E52C-4101-ACFE-1D3585D3F67D}.Ad-Hoc|Any CPU.ActiveCfg = Ad-Hoc|iPhone
		{4C8F7F98-E52C-4101-ACFE-1D3585D3F67D}.Ad-Hoc|iPhone.ActiveCfg = Ad-Hoc|iPhone
		{4C8F7F98-E52C-4101-ACFE-1D3585D3F67D}.Ad-Hoc|iPhone.Build.0 = Ad-Hoc|iPhone
		{4C8F7F98-E52C-4101-ACFE-1D3585D3F67D}.Ad-Hoc|iPhoneSimulator.ActiveCfg = Ad-Hoc|iPhoneSimulator
		{4C8F7F98-E52C-4101-ACFE-1D3585D3F67D}.Ad-Hoc|iPhoneSimulator.Build.0 = Ad-Hoc|iPhoneSimulator
		{4C8F7F98-E52C-4101-ACFE-1D3585D3F67D}.AppStore|Any CPU.ActiveCfg = AppStore|iPhone
		{4C8F7F98-E52C-4101-ACFE-1D3585D3F67D}.AppStore|iPhone.ActiveCfg = AppStore|iPhone
		{4C8F7F98-E52C-4101-ACFE-1D3585D3F67D}.AppStore|iPhone.Build.0 = AppStore|iPhone
		{4C8F7F98-E52C-4101-ACFE-1D3585D3F67D}.AppStore|iPhoneSimulator.ActiveCfg = AppStore|iPhoneSimulator
		{4C8F7F98-E52C-4101-ACFE-1D3585D3F67D}.AppStore|iPhoneSimulator.Build.0 = AppStore|iPhoneSimulator
		{4C8F7F98-E52C-4101-ACFE-1D3585D3F67D}.Debug|Any CPU.ActiveCfg = Debug|iPhone
		{4C8F7F98-E52C-4101-ACFE-1D3585D3F67D}.Debug|iPhone.ActiveCfg = Debug|iPhone
		{4C8F7F98-E52C-4101-ACFE-1D3585D3F67D}.Debug|iPhone.Build.0 = Debug|iPhone
		{4C8F7F98-E52C-4101-ACFE-1D3585D3F67D}.Debug|iPhoneSimulator.ActiveCfg = Debug|iPhoneSimulator
		{4C8F7F98-E52C-4101-ACFE-1D3585D3F67D}.Debug|iPhoneSimulator.Build.0 = Debug|iPhoneSimulator
		{4C8F7F98-E52C-4101-ACFE-1D3585D3F67D}.Gorilla|Any CPU.ActiveCfg = Gorilla|iPhone
		{4C8F7F98-E52C-4101-ACFE-1D3585D3F67D}.Gorilla|iPhone.ActiveCfg = Gorilla|iPhone
		{4C8F7F98-E52C-4101-ACFE-1D3585D3F67D}.Gorilla|iPhoneSimulator.ActiveCfg = Gorilla|iPhoneSimulator
		{4C8F7F98-E52C-4101-ACFE-1D3585D3F67D}.Release|Any CPU.ActiveCfg = Release|iPhone
		{4C8F7F98-E52C-4101-ACFE-1D3585D3F67D}.Release|iPhone.ActiveCfg = Release|iPhone
		{4C8F7F98-E52C-4101-ACFE-1D3585D3F67D}.Release|iPhone.Build.0 = Release|iPhone
		{4C8F7F98-E52C-4101-ACFE-1D3585D3F67D}.Release|iPhoneSimulator.ActiveCfg = Release|iPhoneSimulator
		{4C8F7F98-E52C-4101-ACFE-1D3585D3F67D}.Release|iPhoneSimulator.Build.0 = Release|iPhoneSimulator
		{1EE8FBA7-5DF5-4F1D-BB77-0F2C2C220828}.Ad-Hoc|Any CPU.ActiveCfg = Debug|Any CPU
		{1EE8FBA7-5DF5-4F1D-BB77-0F2C2C220828}.Ad-Hoc|Any CPU.Build.0 = Debug|Any CPU
		{1EE8FBA7-5DF5-4F1D-BB77-0F2C2C220828}.Ad-Hoc|iPhone.ActiveCfg = Debug|Any CPU
		{1EE8FBA7-5DF5-4F1D-BB77-0F2C2C220828}.Ad-Hoc|iPhone.Build.0 = Debug|Any CPU
		{1EE8FBA7-5DF5-4F1D-BB77-0F2C2C220828}.Ad-Hoc|iPhoneSimulator.ActiveCfg = Debug|Any CPU
		{1EE8FBA7-5DF5-4F1D-BB77-0F2C2C220828}.Ad-Hoc|iPhoneSimulator.Build.0 = Debug|Any CPU
		{1EE8FBA7-5DF5-4F1D-BB77-0F2C2C220828}.AppStore|Any CPU.ActiveCfg = Debug|Any CPU
		{1EE8FBA7-5DF5-4F1D-BB77-0F2C2C220828}.AppStore|Any CPU.Build.0 = Debug|Any CPU
		{1EE8FBA7-5DF5-4F1D-BB77-0F2C2C220828}.AppStore|iPhone.ActiveCfg = Debug|Any CPU
		{1EE8FBA7-5DF5-4F1D-BB77-0F2C2C220828}.AppStore|iPhone.Build.0 = Debug|Any CPU
		{1EE8FBA7-5DF5-4F1D-BB77-0F2C2C220828}.AppStore|iPhoneSimulator.ActiveCfg = Debug|Any CPU
		{1EE8FBA7-5DF5-4F1D-BB77-0F2C2C220828}.AppStore|iPhoneSimulator.Build.0 = Debug|Any CPU
		{1EE8FBA7-5DF5-4F1D-BB77-0F2C2C220828}.Debug|Any CPU.ActiveCfg = Debug|Any CPU
		{1EE8FBA7-5DF5-4F1D-BB77-0F2C2C220828}.Debug|Any CPU.Build.0 = Debug|Any CPU
		{1EE8FBA7-5DF5-4F1D-BB77-0F2C2C220828}.Debug|iPhone.ActiveCfg = Debug|Any CPU
		{1EE8FBA7-5DF5-4F1D-BB77-0F2C2C220828}.Debug|iPhone.Build.0 = Debug|Any CPU
		{1EE8FBA7-5DF5-4F1D-BB77-0F2C2C220828}.Debug|iPhoneSimulator.ActiveCfg = Debug|Any CPU
		{1EE8FBA7-5DF5-4F1D-BB77-0F2C2C220828}.Debug|iPhoneSimulator.Build.0 = Debug|Any CPU
		{1EE8FBA7-5DF5-4F1D-BB77-0F2C2C220828}.Gorilla|Any CPU.ActiveCfg = Gorilla|Any CPU
		{1EE8FBA7-5DF5-4F1D-BB77-0F2C2C220828}.Gorilla|Any CPU.Build.0 = Gorilla|Any CPU
		{1EE8FBA7-5DF5-4F1D-BB77-0F2C2C220828}.Gorilla|iPhone.ActiveCfg = Gorilla|Any CPU
		{1EE8FBA7-5DF5-4F1D-BB77-0F2C2C220828}.Gorilla|iPhone.Build.0 = Gorilla|Any CPU
		{1EE8FBA7-5DF5-4F1D-BB77-0F2C2C220828}.Gorilla|iPhoneSimulator.ActiveCfg = Gorilla|Any CPU
		{1EE8FBA7-5DF5-4F1D-BB77-0F2C2C220828}.Gorilla|iPhoneSimulator.Build.0 = Gorilla|Any CPU
		{1EE8FBA7-5DF5-4F1D-BB77-0F2C2C220828}.Release|Any CPU.ActiveCfg = Release|Any CPU
		{1EE8FBA7-5DF5-4F1D-BB77-0F2C2C220828}.Release|Any CPU.Build.0 = Release|Any CPU
		{1EE8FBA7-5DF5-4F1D-BB77-0F2C2C220828}.Release|iPhone.ActiveCfg = Release|Any CPU
		{1EE8FBA7-5DF5-4F1D-BB77-0F2C2C220828}.Release|iPhone.Build.0 = Release|Any CPU
		{1EE8FBA7-5DF5-4F1D-BB77-0F2C2C220828}.Release|iPhoneSimulator.ActiveCfg = Release|Any CPU
		{1EE8FBA7-5DF5-4F1D-BB77-0F2C2C220828}.Release|iPhoneSimulator.Build.0 = Release|Any CPU
		{DF7648BA-6FE6-4E0A-A921-0927D7D28239}.Ad-Hoc|Any CPU.ActiveCfg = Debug|Any CPU
		{DF7648BA-6FE6-4E0A-A921-0927D7D28239}.Ad-Hoc|Any CPU.Build.0 = Debug|Any CPU
		{DF7648BA-6FE6-4E0A-A921-0927D7D28239}.Ad-Hoc|iPhone.ActiveCfg = Debug|Any CPU
		{DF7648BA-6FE6-4E0A-A921-0927D7D28239}.Ad-Hoc|iPhone.Build.0 = Debug|Any CPU
		{DF7648BA-6FE6-4E0A-A921-0927D7D28239}.Ad-Hoc|iPhoneSimulator.ActiveCfg = Debug|Any CPU
		{DF7648BA-6FE6-4E0A-A921-0927D7D28239}.Ad-Hoc|iPhoneSimulator.Build.0 = Debug|Any CPU
		{DF7648BA-6FE6-4E0A-A921-0927D7D28239}.AppStore|Any CPU.ActiveCfg = Debug|Any CPU
		{DF7648BA-6FE6-4E0A-A921-0927D7D28239}.AppStore|Any CPU.Build.0 = Debug|Any CPU
		{DF7648BA-6FE6-4E0A-A921-0927D7D28239}.AppStore|iPhone.ActiveCfg = Debug|Any CPU
		{DF7648BA-6FE6-4E0A-A921-0927D7D28239}.AppStore|iPhone.Build.0 = Debug|Any CPU
		{DF7648BA-6FE6-4E0A-A921-0927D7D28239}.AppStore|iPhoneSimulator.ActiveCfg = Debug|Any CPU
		{DF7648BA-6FE6-4E0A-A921-0927D7D28239}.AppStore|iPhoneSimulator.Build.0 = Debug|Any CPU
		{DF7648BA-6FE6-4E0A-A921-0927D7D28239}.Debug|Any CPU.ActiveCfg = Debug|Any CPU
		{DF7648BA-6FE6-4E0A-A921-0927D7D28239}.Debug|Any CPU.Build.0 = Debug|Any CPU
		{DF7648BA-6FE6-4E0A-A921-0927D7D28239}.Debug|iPhone.ActiveCfg = Debug|Any CPU
		{DF7648BA-6FE6-4E0A-A921-0927D7D28239}.Debug|iPhone.Build.0 = Debug|Any CPU
		{DF7648BA-6FE6-4E0A-A921-0927D7D28239}.Debug|iPhoneSimulator.ActiveCfg = Debug|Any CPU
		{DF7648BA-6FE6-4E0A-A921-0927D7D28239}.Debug|iPhoneSimulator.Build.0 = Debug|Any CPU
		{DF7648BA-6FE6-4E0A-A921-0927D7D28239}.Gorilla|Any CPU.ActiveCfg = Release|Any CPU
		{DF7648BA-6FE6-4E0A-A921-0927D7D28239}.Gorilla|Any CPU.Build.0 = Release|Any CPU
		{DF7648BA-6FE6-4E0A-A921-0927D7D28239}.Gorilla|iPhone.ActiveCfg = Release|Any CPU
		{DF7648BA-6FE6-4E0A-A921-0927D7D28239}.Gorilla|iPhone.Build.0 = Release|Any CPU
		{DF7648BA-6FE6-4E0A-A921-0927D7D28239}.Gorilla|iPhoneSimulator.ActiveCfg = Release|Any CPU
		{DF7648BA-6FE6-4E0A-A921-0927D7D28239}.Gorilla|iPhoneSimulator.Build.0 = Release|Any CPU
		{DF7648BA-6FE6-4E0A-A921-0927D7D28239}.Release|Any CPU.ActiveCfg = Release|Any CPU
		{DF7648BA-6FE6-4E0A-A921-0927D7D28239}.Release|Any CPU.Build.0 = Release|Any CPU
		{DF7648BA-6FE6-4E0A-A921-0927D7D28239}.Release|iPhone.ActiveCfg = Release|Any CPU
		{DF7648BA-6FE6-4E0A-A921-0927D7D28239}.Release|iPhone.Build.0 = Release|Any CPU
		{DF7648BA-6FE6-4E0A-A921-0927D7D28239}.Release|iPhoneSimulator.ActiveCfg = Release|Any CPU
		{DF7648BA-6FE6-4E0A-A921-0927D7D28239}.Release|iPhoneSimulator.Build.0 = Release|Any CPU
		{57965BA0-B86A-42F8-B9D8-06235B1C004B}.Ad-Hoc|Any CPU.ActiveCfg = Debug|Any CPU
		{57965BA0-B86A-42F8-B9D8-06235B1C004B}.Ad-Hoc|Any CPU.Build.0 = Debug|Any CPU
		{57965BA0-B86A-42F8-B9D8-06235B1C004B}.Ad-Hoc|iPhone.ActiveCfg = Debug|Any CPU
		{57965BA0-B86A-42F8-B9D8-06235B1C004B}.Ad-Hoc|iPhone.Build.0 = Debug|Any CPU
		{57965BA0-B86A-42F8-B9D8-06235B1C004B}.Ad-Hoc|iPhoneSimulator.ActiveCfg = Debug|Any CPU
		{57965BA0-B86A-42F8-B9D8-06235B1C004B}.Ad-Hoc|iPhoneSimulator.Build.0 = Debug|Any CPU
		{57965BA0-B86A-42F8-B9D8-06235B1C004B}.AppStore|Any CPU.ActiveCfg = Debug|Any CPU
		{57965BA0-B86A-42F8-B9D8-06235B1C004B}.AppStore|Any CPU.Build.0 = Debug|Any CPU
		{57965BA0-B86A-42F8-B9D8-06235B1C004B}.AppStore|iPhone.ActiveCfg = Debug|Any CPU
		{57965BA0-B86A-42F8-B9D8-06235B1C004B}.AppStore|iPhone.Build.0 = Debug|Any CPU
		{57965BA0-B86A-42F8-B9D8-06235B1C004B}.AppStore|iPhoneSimulator.ActiveCfg = Debug|Any CPU
		{57965BA0-B86A-42F8-B9D8-06235B1C004B}.AppStore|iPhoneSimulator.Build.0 = Debug|Any CPU
		{57965BA0-B86A-42F8-B9D8-06235B1C004B}.Debug|Any CPU.ActiveCfg = Debug|Any CPU
		{57965BA0-B86A-42F8-B9D8-06235B1C004B}.Debug|Any CPU.Build.0 = Debug|Any CPU
		{57965BA0-B86A-42F8-B9D8-06235B1C004B}.Debug|iPhone.ActiveCfg = Debug|Any CPU
		{57965BA0-B86A-42F8-B9D8-06235B1C004B}.Debug|iPhone.Build.0 = Debug|Any CPU
		{57965BA0-B86A-42F8-B9D8-06235B1C004B}.Debug|iPhoneSimulator.ActiveCfg = Debug|Any CPU
		{57965BA0-B86A-42F8-B9D8-06235B1C004B}.Debug|iPhoneSimulator.Build.0 = Debug|Any CPU
		{57965BA0-B86A-42F8-B9D8-06235B1C004B}.Gorilla|Any CPU.ActiveCfg = Gorilla|Any CPU
		{57965BA0-B86A-42F8-B9D8-06235B1C004B}.Gorilla|Any CPU.Build.0 = Gorilla|Any CPU
		{57965BA0-B86A-42F8-B9D8-06235B1C004B}.Gorilla|iPhone.ActiveCfg = Gorilla|Any CPU
		{57965BA0-B86A-42F8-B9D8-06235B1C004B}.Gorilla|iPhone.Build.0 = Gorilla|Any CPU
		{57965BA0-B86A-42F8-B9D8-06235B1C004B}.Gorilla|iPhoneSimulator.ActiveCfg = Gorilla|Any CPU
		{57965BA0-B86A-42F8-B9D8-06235B1C004B}.Gorilla|iPhoneSimulator.Build.0 = Gorilla|Any CPU
		{57965BA0-B86A-42F8-B9D8-06235B1C004B}.Release|Any CPU.ActiveCfg = Release|Any CPU
		{57965BA0-B86A-42F8-B9D8-06235B1C004B}.Release|Any CPU.Build.0 = Release|Any CPU
		{57965BA0-B86A-42F8-B9D8-06235B1C004B}.Release|iPhone.ActiveCfg = Release|Any CPU
		{57965BA0-B86A-42F8-B9D8-06235B1C004B}.Release|iPhone.Build.0 = Release|Any CPU
		{57965BA0-B86A-42F8-B9D8-06235B1C004B}.Release|iPhoneSimulator.ActiveCfg = Release|Any CPU
		{57965BA0-B86A-42F8-B9D8-06235B1C004B}.Release|iPhoneSimulator.Build.0 = Release|Any CPU
		{E8F0B2E1-D9E4-46D7-A0F8-5712D949AE4F}.Ad-Hoc|Any CPU.ActiveCfg = Debug|Any CPU
		{E8F0B2E1-D9E4-46D7-A0F8-5712D949AE4F}.Ad-Hoc|Any CPU.Build.0 = Debug|Any CPU
		{E8F0B2E1-D9E4-46D7-A0F8-5712D949AE4F}.Ad-Hoc|iPhone.ActiveCfg = Debug|Any CPU
		{E8F0B2E1-D9E4-46D7-A0F8-5712D949AE4F}.Ad-Hoc|iPhone.Build.0 = Debug|Any CPU
		{E8F0B2E1-D9E4-46D7-A0F8-5712D949AE4F}.Ad-Hoc|iPhoneSimulator.ActiveCfg = Debug|Any CPU
		{E8F0B2E1-D9E4-46D7-A0F8-5712D949AE4F}.Ad-Hoc|iPhoneSimulator.Build.0 = Debug|Any CPU
		{E8F0B2E1-D9E4-46D7-A0F8-5712D949AE4F}.AppStore|Any CPU.ActiveCfg = Debug|Any CPU
		{E8F0B2E1-D9E4-46D7-A0F8-5712D949AE4F}.AppStore|Any CPU.Build.0 = Debug|Any CPU
		{E8F0B2E1-D9E4-46D7-A0F8-5712D949AE4F}.AppStore|iPhone.ActiveCfg = Debug|Any CPU
		{E8F0B2E1-D9E4-46D7-A0F8-5712D949AE4F}.AppStore|iPhone.Build.0 = Debug|Any CPU
		{E8F0B2E1-D9E4-46D7-A0F8-5712D949AE4F}.AppStore|iPhoneSimulator.ActiveCfg = Debug|Any CPU
		{E8F0B2E1-D9E4-46D7-A0F8-5712D949AE4F}.AppStore|iPhoneSimulator.Build.0 = Debug|Any CPU
		{E8F0B2E1-D9E4-46D7-A0F8-5712D949AE4F}.Debug|Any CPU.ActiveCfg = Debug|Any CPU
		{E8F0B2E1-D9E4-46D7-A0F8-5712D949AE4F}.Debug|Any CPU.Build.0 = Debug|Any CPU
		{E8F0B2E1-D9E4-46D7-A0F8-5712D949AE4F}.Debug|iPhone.ActiveCfg = Debug|Any CPU
		{E8F0B2E1-D9E4-46D7-A0F8-5712D949AE4F}.Debug|iPhone.Build.0 = Debug|Any CPU
		{E8F0B2E1-D9E4-46D7-A0F8-5712D949AE4F}.Debug|iPhoneSimulator.ActiveCfg = Debug|Any CPU
		{E8F0B2E1-D9E4-46D7-A0F8-5712D949AE4F}.Debug|iPhoneSimulator.Build.0 = Debug|Any CPU
		{E8F0B2E1-D9E4-46D7-A0F8-5712D949AE4F}.Gorilla|Any CPU.ActiveCfg = Gorilla|Any CPU
		{E8F0B2E1-D9E4-46D7-A0F8-5712D949AE4F}.Gorilla|Any CPU.Build.0 = Gorilla|Any CPU
		{E8F0B2E1-D9E4-46D7-A0F8-5712D949AE4F}.Gorilla|iPhone.ActiveCfg = Gorilla|Any CPU
		{E8F0B2E1-D9E4-46D7-A0F8-5712D949AE4F}.Gorilla|iPhone.Build.0 = Gorilla|Any CPU
		{E8F0B2E1-D9E4-46D7-A0F8-5712D949AE4F}.Gorilla|iPhoneSimulator.ActiveCfg = Gorilla|Any CPU
		{E8F0B2E1-D9E4-46D7-A0F8-5712D949AE4F}.Gorilla|iPhoneSimulator.Build.0 = Gorilla|Any CPU
		{E8F0B2E1-D9E4-46D7-A0F8-5712D949AE4F}.Release|Any CPU.ActiveCfg = Release|Any CPU
		{E8F0B2E1-D9E4-46D7-A0F8-5712D949AE4F}.Release|Any CPU.Build.0 = Release|Any CPU
		{E8F0B2E1-D9E4-46D7-A0F8-5712D949AE4F}.Release|iPhone.ActiveCfg = Release|Any CPU
		{E8F0B2E1-D9E4-46D7-A0F8-5712D949AE4F}.Release|iPhone.Build.0 = Release|Any CPU
		{E8F0B2E1-D9E4-46D7-A0F8-5712D949AE4F}.Release|iPhoneSimulator.ActiveCfg = Release|Any CPU
		{E8F0B2E1-D9E4-46D7-A0F8-5712D949AE4F}.Release|iPhoneSimulator.Build.0 = Release|Any CPU
		{5C6AB982-4CCE-4139-9DC6-5223DE6D906A}.Ad-Hoc|Any CPU.ActiveCfg = Debug|Any CPU
		{5C6AB982-4CCE-4139-9DC6-5223DE6D906A}.Ad-Hoc|Any CPU.Build.0 = Debug|Any CPU
		{5C6AB982-4CCE-4139-9DC6-5223DE6D906A}.Ad-Hoc|iPhone.ActiveCfg = Debug|Any CPU
		{5C6AB982-4CCE-4139-9DC6-5223DE6D906A}.Ad-Hoc|iPhone.Build.0 = Debug|Any CPU
		{5C6AB982-4CCE-4139-9DC6-5223DE6D906A}.Ad-Hoc|iPhoneSimulator.ActiveCfg = Debug|Any CPU
		{5C6AB982-4CCE-4139-9DC6-5223DE6D906A}.Ad-Hoc|iPhoneSimulator.Build.0 = Debug|Any CPU
		{5C6AB982-4CCE-4139-9DC6-5223DE6D906A}.AppStore|Any CPU.ActiveCfg = Debug|Any CPU
		{5C6AB982-4CCE-4139-9DC6-5223DE6D906A}.AppStore|Any CPU.Build.0 = Debug|Any CPU
		{5C6AB982-4CCE-4139-9DC6-5223DE6D906A}.AppStore|iPhone.ActiveCfg = Debug|Any CPU
		{5C6AB982-4CCE-4139-9DC6-5223DE6D906A}.AppStore|iPhone.Build.0 = Debug|Any CPU
		{5C6AB982-4CCE-4139-9DC6-5223DE6D906A}.AppStore|iPhoneSimulator.ActiveCfg = Debug|Any CPU
		{5C6AB982-4CCE-4139-9DC6-5223DE6D906A}.AppStore|iPhoneSimulator.Build.0 = Debug|Any CPU
		{5C6AB982-4CCE-4139-9DC6-5223DE6D906A}.Debug|Any CPU.ActiveCfg = Debug|Any CPU
		{5C6AB982-4CCE-4139-9DC6-5223DE6D906A}.Debug|Any CPU.Build.0 = Debug|Any CPU
		{5C6AB982-4CCE-4139-9DC6-5223DE6D906A}.Debug|iPhone.ActiveCfg = Debug|Any CPU
		{5C6AB982-4CCE-4139-9DC6-5223DE6D906A}.Debug|iPhone.Build.0 = Debug|Any CPU
		{5C6AB982-4CCE-4139-9DC6-5223DE6D906A}.Debug|iPhoneSimulator.ActiveCfg = Debug|Any CPU
		{5C6AB982-4CCE-4139-9DC6-5223DE6D906A}.Debug|iPhoneSimulator.Build.0 = Debug|Any CPU
		{5C6AB982-4CCE-4139-9DC6-5223DE6D906A}.Gorilla|Any CPU.ActiveCfg = Gorilla|Any CPU
		{5C6AB982-4CCE-4139-9DC6-5223DE6D906A}.Gorilla|Any CPU.Build.0 = Gorilla|Any CPU
		{5C6AB982-4CCE-4139-9DC6-5223DE6D906A}.Gorilla|iPhone.ActiveCfg = Gorilla|Any CPU
		{5C6AB982-4CCE-4139-9DC6-5223DE6D906A}.Gorilla|iPhone.Build.0 = Gorilla|Any CPU
		{5C6AB982-4CCE-4139-9DC6-5223DE6D906A}.Gorilla|iPhoneSimulator.ActiveCfg = Gorilla|Any CPU
		{5C6AB982-4CCE-4139-9DC6-5223DE6D906A}.Gorilla|iPhoneSimulator.Build.0 = Gorilla|Any CPU
		{5C6AB982-4CCE-4139-9DC6-5223DE6D906A}.Release|Any CPU.ActiveCfg = Release|Any CPU
		{5C6AB982-4CCE-4139-9DC6-5223DE6D906A}.Release|Any CPU.Build.0 = Release|Any CPU
		{5C6AB982-4CCE-4139-9DC6-5223DE6D906A}.Release|iPhone.ActiveCfg = Release|Any CPU
		{5C6AB982-4CCE-4139-9DC6-5223DE6D906A}.Release|iPhone.Build.0 = Release|Any CPU
		{5C6AB982-4CCE-4139-9DC6-5223DE6D906A}.Release|iPhoneSimulator.ActiveCfg = Release|Any CPU
		{5C6AB982-4CCE-4139-9DC6-5223DE6D906A}.Release|iPhoneSimulator.Build.0 = Release|Any CPU
		{363A1DC9-D63F-482F-9AA4-47ABA728D6B6}.Ad-Hoc|Any CPU.ActiveCfg = Debug|Any CPU
		{363A1DC9-D63F-482F-9AA4-47ABA728D6B6}.Ad-Hoc|Any CPU.Build.0 = Debug|Any CPU
		{363A1DC9-D63F-482F-9AA4-47ABA728D6B6}.Ad-Hoc|iPhone.ActiveCfg = Debug|Any CPU
		{363A1DC9-D63F-482F-9AA4-47ABA728D6B6}.Ad-Hoc|iPhone.Build.0 = Debug|Any CPU
		{363A1DC9-D63F-482F-9AA4-47ABA728D6B6}.Ad-Hoc|iPhoneSimulator.ActiveCfg = Debug|Any CPU
		{363A1DC9-D63F-482F-9AA4-47ABA728D6B6}.Ad-Hoc|iPhoneSimulator.Build.0 = Debug|Any CPU
		{363A1DC9-D63F-482F-9AA4-47ABA728D6B6}.AppStore|Any CPU.ActiveCfg = Debug|Any CPU
		{363A1DC9-D63F-482F-9AA4-47ABA728D6B6}.AppStore|Any CPU.Build.0 = Debug|Any CPU
		{363A1DC9-D63F-482F-9AA4-47ABA728D6B6}.AppStore|iPhone.ActiveCfg = Debug|Any CPU
		{363A1DC9-D63F-482F-9AA4-47ABA728D6B6}.AppStore|iPhone.Build.0 = Debug|Any CPU
		{363A1DC9-D63F-482F-9AA4-47ABA728D6B6}.AppStore|iPhoneSimulator.ActiveCfg = Debug|Any CPU
		{363A1DC9-D63F-482F-9AA4-47ABA728D6B6}.AppStore|iPhoneSimulator.Build.0 = Debug|Any CPU
		{363A1DC9-D63F-482F-9AA4-47ABA728D6B6}.Debug|Any CPU.ActiveCfg = Debug|Any CPU
		{363A1DC9-D63F-482F-9AA4-47ABA728D6B6}.Debug|Any CPU.Build.0 = Debug|Any CPU
		{363A1DC9-D63F-482F-9AA4-47ABA728D6B6}.Debug|iPhone.ActiveCfg = Debug|Any CPU
		{363A1DC9-D63F-482F-9AA4-47ABA728D6B6}.Debug|iPhone.Build.0 = Debug|Any CPU
		{363A1DC9-D63F-482F-9AA4-47ABA728D6B6}.Debug|iPhoneSimulator.ActiveCfg = Debug|Any CPU
		{363A1DC9-D63F-482F-9AA4-47ABA728D6B6}.Debug|iPhoneSimulator.Build.0 = Debug|Any CPU
		{363A1DC9-D63F-482F-9AA4-47ABA728D6B6}.Gorilla|Any CPU.ActiveCfg = Debug|Any CPU
		{363A1DC9-D63F-482F-9AA4-47ABA728D6B6}.Gorilla|Any CPU.Build.0 = Debug|Any CPU
		{363A1DC9-D63F-482F-9AA4-47ABA728D6B6}.Gorilla|iPhone.ActiveCfg = Debug|Any CPU
		{363A1DC9-D63F-482F-9AA4-47ABA728D6B6}.Gorilla|iPhone.Build.0 = Debug|Any CPU
		{363A1DC9-D63F-482F-9AA4-47ABA728D6B6}.Gorilla|iPhoneSimulator.ActiveCfg = Debug|Any CPU
		{363A1DC9-D63F-482F-9AA4-47ABA728D6B6}.Gorilla|iPhoneSimulator.Build.0 = Debug|Any CPU
		{363A1DC9-D63F-482F-9AA4-47ABA728D6B6}.Release|Any CPU.ActiveCfg = Release|Any CPU
		{363A1DC9-D63F-482F-9AA4-47ABA728D6B6}.Release|Any CPU.Build.0 = Release|Any CPU
		{363A1DC9-D63F-482F-9AA4-47ABA728D6B6}.Release|iPhone.ActiveCfg = Release|Any CPU
		{363A1DC9-D63F-482F-9AA4-47ABA728D6B6}.Release|iPhone.Build.0 = Release|Any CPU
		{363A1DC9-D63F-482F-9AA4-47ABA728D6B6}.Release|iPhoneSimulator.ActiveCfg = Release|Any CPU
		{363A1DC9-D63F-482F-9AA4-47ABA728D6B6}.Release|iPhoneSimulator.Build.0 = Release|Any CPU
	EndGlobalSection
	GlobalSection(SolutionProperties) = preSolution
		HideSolutionNode = FALSE
	EndGlobalSection
	GlobalSection(ExtensibilityGlobals) = postSolution
		SolutionGuid = {2710C360-827A-423A-A4BB-3CFAC6410D33}
	EndGlobalSection
EndGlobal
