
Microsoft Visual Studio Solution File, Format Version 12.00
# Visual Studio 15
VisualStudioVersion = 15.0.27428.2005
MinimumVisualStudioVersion = 10.0.40219.1
Project("{FAE04EC0-301F-11D3-BF4B-00C04F79EFBC}") = "QuestHelper.Android", "QuestHelper\QuestHelper.Android\QuestHelper.Android.csproj", "{C1D5343E-58C0-4D31-921D-FCA1BC3C3741}"
EndProject
Project("{FAE04EC0-301F-11D3-BF4B-00C04F79EFBC}") = "QuestHelper.iOS", "QuestHelper\QuestHelper.iOS\QuestHelper.iOS.csproj", "{4C8F7F98-E52C-4101-ACFE-1D3585D3F67D}"
EndProject
Project("{9A19103F-16F7-4668-BE54-9A1E7A4F7556}") = "QuestHelper", "QuestHelper\QuestHelper\QuestHelper.csproj", "{1EE8FBA7-5DF5-4F1D-BB77-0F2C2C220828}"
EndProject
Project("{9A19103F-16F7-4668-BE54-9A1E7A4F7556}") = "QuestHelper.Server", "..\..\temp\QuestHelper.Server\QuestHelper.Server.csproj", "{2E6C2256-22BA-4E60-A728-C89C9EAACE40}"
EndProject
Global
	GlobalSection(SolutionConfigurationPlatforms) = preSolution
		Ad-Hoc|Any CPU = Ad-Hoc|Any CPU
		Ad-Hoc|iPhone = Ad-Hoc|iPhone
		Ad-Hoc|iPhoneSimulator = Ad-Hoc|iPhoneSimulator
		AppStore|Any CPU = AppStore|Any CPU
		AppStore|iPhone = AppStore|iPhone
		AppStore|iPhoneSimulator = AppStore|iPhoneSimulator
		Debug|Any CPU = Debug|Any CPU
		Debug|iPhone = Debug|iPhone
		Debug|iPhoneSimulator = Debug|iPhoneSimulator
		Release|Any CPU = Release|Any CPU
		Release|iPhone = Release|iPhone
		Release|iPhoneSimulator = Release|iPhoneSimulator
	EndGlobalSection
	GlobalSection(ProjectConfigurationPlatforms) = postSolution
		{C1D5343E-58C0-4D31-921D-FCA1BC3C3741}.Ad-Hoc|Any CPU.ActiveCfg = Release|Any CPU
		{C1D5343E-58C0-4D31-921D-FCA1BC3C3741}.Ad-Hoc|Any CPU.Build.0 = Release|Any CPU
		{C1D5343E-58C0-4D31-921D-FCA1BC3C3741}.Ad-Hoc|Any CPU.Deploy.0 = Release|Any CPU
		{C1D5343E-58C0-4D31-921D-FCA1BC3C3741}.Ad-Hoc|iPhone.ActiveCfg = Release|Any CPU
		{C1D5343E-58C0-4D31-921D-FCA1BC3C3741}.Ad-Hoc|iPhone.Build.0 = Release|Any CPU
		{C1D5343E-58C0-4D31-921D-FCA1BC3C3741}.Ad-Hoc|iPhone.Deploy.0 = Release|Any CPU
		{C1D5343E-58C0-4D31-921D-FCA1BC3C3741}.Ad-Hoc|iPhoneSimulator.ActiveCfg = Release|Any CPU
		{C1D5343E-58C0-4D31-921D-FCA1BC3C3741}.Ad-Hoc|iPhoneSimulator.Build.0 = Release|Any CPU
		{C1D5343E-58C0-4D31-921D-FCA1BC3C3741}.Ad-Hoc|iPhoneSimulator.Deploy.0 = Release|Any CPU
		{C1D5343E-58C0-4D31-921D-FCA1BC3C3741}.AppStore|Any CPU.ActiveCfg = Release|Any CPU
		{C1D5343E-58C0-4D31-921D-FCA1BC3C3741}.AppStore|Any CPU.Build.0 = Release|Any CPU
		{C1D5343E-58C0-4D31-921D-FCA1BC3C3741}.AppStore|Any CPU.Deploy.0 = Release|Any CPU
		{C1D5343E-58C0-4D31-921D-FCA1BC3C3741}.AppStore|iPhone.ActiveCfg = Release|Any CPU
		{C1D5343E-58C0-4D31-921D-FCA1BC3C3741}.AppStore|iPhone.Build.0 = Release|Any CPU
		{C1D5343E-58C0-4D31-921D-FCA1BC3C3741}.AppStore|iPhone.Deploy.0 = Release|Any CPU
		{C1D5343E-58C0-4D31-921D-FCA1BC3C3741}.AppStore|iPhoneSimulator.ActiveCfg = Release|Any CPU
		{C1D5343E-58C0-4D31-921D-FCA1BC3C3741}.AppStore|iPhoneSimulator.Build.0 = Release|Any CPU
		{C1D5343E-58C0-4D31-921D-FCA1BC3C3741}.AppStore|iPhoneSimulator.Deploy.0 = Release|Any CPU
		{C1D5343E-58C0-4D31-921D-FCA1BC3C3741}.Debug|Any CPU.ActiveCfg = Debug|Any CPU
		{C1D5343E-58C0-4D31-921D-FCA1BC3C3741}.Debug|Any CPU.Build.0 = Debug|Any CPU
		{C1D5343E-58C0-4D31-921D-FCA1BC3C3741}.Debug|Any CPU.Deploy.0 = Debug|Any CPU
		{C1D5343E-58C0-4D31-921D-FCA1BC3C3741}.Debug|iPhone.ActiveCfg = Debug|Any CPU
		{C1D5343E-58C0-4D31-921D-FCA1BC3C3741}.Debug|iPhone.Build.0 = Debug|Any CPU
		{C1D5343E-58C0-4D31-921D-FCA1BC3C3741}.Debug|iPhone.Deploy.0 = Debug|Any CPU
		{C1D5343E-58C0-4D31-921D-FCA1BC3C3741}.Debug|iPhoneSimulator.ActiveCfg = Debug|Any CPU
		{C1D5343E-58C0-4D31-921D-FCA1BC3C3741}.Debug|iPhoneSimulator.Build.0 = Debug|Any CPU
		{C1D5343E-58C0-4D31-921D-FCA1BC3C3741}.Debug|iPhoneSimulator.Deploy.0 = Debug|Any CPU
		{C1D5343E-58C0-4D31-921D-FCA1BC3C3741}.Release|Any CPU.ActiveCfg = Release|Any CPU
		{C1D5343E-58C0-4D31-921D-FCA1BC3C3741}.Release|Any CPU.Build.0 = Release|Any CPU
		{C1D5343E-58C0-4D31-921D-FCA1BC3C3741}.Release|Any CPU.Deploy.0 = Release|Any CPU
		{C1D5343E-58C0-4D31-921D-FCA1BC3C3741}.Release|iPhone.ActiveCfg = Release|Any CPU
		{C1D5343E-58C0-4D31-921D-FCA1BC3C3741}.Release|iPhone.Build.0 = Release|Any CPU
		{C1D5343E-58C0-4D31-921D-FCA1BC3C3741}.Release|iPhone.Deploy.0 = Release|Any CPU
		{C1D5343E-58C0-4D31-921D-FCA1BC3C3741}.Release|iPhoneSimulator.ActiveCfg = Release|Any CPU
		{C1D5343E-58C0-4D31-921D-FCA1BC3C3741}.Release|iPhoneSimulator.Build.0 = Release|Any CPU
		{C1D5343E-58C0-4D31-921D-FCA1BC3C3741}.Release|iPhoneSimulator.Deploy.0 = Release|Any CPU
		{4C8F7F98-E52C-4101-ACFE-1D3585D3F67D}.Ad-Hoc|Any CPU.ActiveCfg = Ad-Hoc|iPhone
		{4C8F7F98-E52C-4101-ACFE-1D3585D3F67D}.Ad-Hoc|iPhone.ActiveCfg = Ad-Hoc|iPhone
		{4C8F7F98-E52C-4101-ACFE-1D3585D3F67D}.Ad-Hoc|iPhone.Build.0 = Ad-Hoc|iPhone
		{4C8F7F98-E52C-4101-ACFE-1D3585D3F67D}.Ad-Hoc|iPhoneSimulator.ActiveCfg = Ad-Hoc|iPhoneSimulator
		{4C8F7F98-E52C-4101-ACFE-1D3585D3F67D}.Ad-Hoc|iPhoneSimulator.Build.0 = Ad-Hoc|iPhoneSimulator
		{4C8F7F98-E52C-4101-ACFE-1D3585D3F67D}.AppStore|Any CPU.ActiveCfg = AppStore|iPhone
		{4C8F7F98-E52C-4101-ACFE-1D3585D3F67D}.AppStore|iPhone.ActiveCfg = AppStore|iPhone
		{4C8F7F98-E52C-4101-ACFE-1D3585D3F67D}.AppStore|iPhone.Build.0 = AppStore|iPhone
		{4C8F7F98-E52C-4101-ACFE-1D3585D3F67D}.AppStore|iPhoneSimulator.ActiveCfg = AppStore|iPhoneSimulator
		{4C8F7F98-E52C-4101-ACFE-1D3585D3F67D}.AppStore|iPhoneSimulator.Build.0 = AppStore|iPhoneSimulator
		{4C8F7F98-E52C-4101-ACFE-1D3585D3F67D}.Debug|Any CPU.ActiveCfg = Debug|iPhone
		{4C8F7F98-E52C-4101-ACFE-1D3585D3F67D}.Debug|iPhone.ActiveCfg = Debug|iPhone
		{4C8F7F98-E52C-4101-ACFE-1D3585D3F67D}.Debug|iPhone.Build.0 = Debug|iPhone
		{4C8F7F98-E52C-4101-ACFE-1D3585D3F67D}.Debug|iPhoneSimulator.ActiveCfg = Debug|iPhoneSimulator
		{4C8F7F98-E52C-4101-ACFE-1D3585D3F67D}.Debug|iPhoneSimulator.Build.0 = Debug|iPhoneSimulator
		{4C8F7F98-E52C-4101-ACFE-1D3585D3F67D}.Release|Any CPU.ActiveCfg = Release|iPhone
		{4C8F7F98-E52C-4101-ACFE-1D3585D3F67D}.Release|iPhone.ActiveCfg = Release|iPhone
		{4C8F7F98-E52C-4101-ACFE-1D3585D3F67D}.Release|iPhone.Build.0 = Release|iPhone
		{4C8F7F98-E52C-4101-ACFE-1D3585D3F67D}.Release|iPhoneSimulator.ActiveCfg = Release|iPhoneSimulator
		{4C8F7F98-E52C-4101-ACFE-1D3585D3F67D}.Release|iPhoneSimulator.Build.0 = Release|iPhoneSimulator
		{1EE8FBA7-5DF5-4F1D-BB77-0F2C2C220828}.Ad-Hoc|Any CPU.ActiveCfg = Debug|Any CPU
		{1EE8FBA7-5DF5-4F1D-BB77-0F2C2C220828}.Ad-Hoc|Any CPU.Build.0 = Debug|Any CPU
		{1EE8FBA7-5DF5-4F1D-BB77-0F2C2C220828}.Ad-Hoc|iPhone.ActiveCfg = Debug|Any CPU
		{1EE8FBA7-5DF5-4F1D-BB77-0F2C2C220828}.Ad-Hoc|iPhone.Build.0 = Debug|Any CPU
		{1EE8FBA7-5DF5-4F1D-BB77-0F2C2C220828}.Ad-Hoc|iPhoneSimulator.ActiveCfg = Debug|Any CPU
		{1EE8FBA7-5DF5-4F1D-BB77-0F2C2C220828}.Ad-Hoc|iPhoneSimulator.Build.0 = Debug|Any CPU
		{1EE8FBA7-5DF5-4F1D-BB77-0F2C2C220828}.AppStore|Any CPU.ActiveCfg = Debug|Any CPU
		{1EE8FBA7-5DF5-4F1D-BB77-0F2C2C220828}.AppStore|Any CPU.Build.0 = Debug|Any CPU
		{1EE8FBA7-5DF5-4F1D-BB77-0F2C2C220828}.AppStore|iPhone.ActiveCfg = Debug|Any CPU
		{1EE8FBA7-5DF5-4F1D-BB77-0F2C2C220828}.AppStore|iPhone.Build.0 = Debug|Any CPU
		{1EE8FBA7-5DF5-4F1D-BB77-0F2C2C220828}.AppStore|iPhoneSimulator.ActiveCfg = Debug|Any CPU
		{1EE8FBA7-5DF5-4F1D-BB77-0F2C2C220828}.AppStore|iPhoneSimulator.Build.0 = Debug|Any CPU
		{1EE8FBA7-5DF5-4F1D-BB77-0F2C2C220828}.Debug|Any CPU.ActiveCfg = Debug|Any CPU
		{1EE8FBA7-5DF5-4F1D-BB77-0F2C2C220828}.Debug|Any CPU.Build.0 = Debug|Any CPU
		{1EE8FBA7-5DF5-4F1D-BB77-0F2C2C220828}.Debug|iPhone.ActiveCfg = Debug|Any CPU
		{1EE8FBA7-5DF5-4F1D-BB77-0F2C2C220828}.Debug|iPhone.Build.0 = Debug|Any CPU
		{1EE8FBA7-5DF5-4F1D-BB77-0F2C2C220828}.Debug|iPhoneSimulator.ActiveCfg = Debug|Any CPU
		{1EE8FBA7-5DF5-4F1D-BB77-0F2C2C220828}.Debug|iPhoneSimulator.Build.0 = Debug|Any CPU
		{1EE8FBA7-5DF5-4F1D-BB77-0F2C2C220828}.Release|Any CPU.ActiveCfg = Release|Any CPU
		{1EE8FBA7-5DF5-4F1D-BB77-0F2C2C220828}.Release|Any CPU.Build.0 = Release|Any CPU
		{1EE8FBA7-5DF5-4F1D-BB77-0F2C2C220828}.Release|iPhone.ActiveCfg = Release|Any CPU
		{1EE8FBA7-5DF5-4F1D-BB77-0F2C2C220828}.Release|iPhone.Build.0 = Release|Any CPU
		{1EE8FBA7-5DF5-4F1D-BB77-0F2C2C220828}.Release|iPhoneSimulator.ActiveCfg = Release|Any CPU
		{1EE8FBA7-5DF5-4F1D-BB77-0F2C2C220828}.Release|iPhoneSimulator.Build.0 = Release|Any CPU
		{2E6C2256-22BA-4E60-A728-C89C9EAACE40}.Ad-Hoc|Any CPU.ActiveCfg = Debug|Any CPU
		{2E6C2256-22BA-4E60-A728-C89C9EAACE40}.Ad-Hoc|Any CPU.Build.0 = Debug|Any CPU
		{2E6C2256-22BA-4E60-A728-C89C9EAACE40}.Ad-Hoc|iPhone.ActiveCfg = Debug|Any CPU
		{2E6C2256-22BA-4E60-A728-C89C9EAACE40}.Ad-Hoc|iPhone.Build.0 = Debug|Any CPU
		{2E6C2256-22BA-4E60-A728-C89C9EAACE40}.Ad-Hoc|iPhoneSimulator.ActiveCfg = Debug|Any CPU
		{2E6C2256-22BA-4E60-A728-C89C9EAACE40}.Ad-Hoc|iPhoneSimulator.Build.0 = Debug|Any CPU
		{2E6C2256-22BA-4E60-A728-C89C9EAACE40}.AppStore|Any CPU.ActiveCfg = Debug|Any CPU
		{2E6C2256-22BA-4E60-A728-C89C9EAACE40}.AppStore|Any CPU.Build.0 = Debug|Any CPU
		{2E6C2256-22BA-4E60-A728-C89C9EAACE40}.AppStore|iPhone.ActiveCfg = Debug|Any CPU
		{2E6C2256-22BA-4E60-A728-C89C9EAACE40}.AppStore|iPhone.Build.0 = Debug|Any CPU
		{2E6C2256-22BA-4E60-A728-C89C9EAACE40}.AppStore|iPhoneSimulator.ActiveCfg = Debug|Any CPU
		{2E6C2256-22BA-4E60-A728-C89C9EAACE40}.AppStore|iPhoneSimulator.Build.0 = Debug|Any CPU
		{2E6C2256-22BA-4E60-A728-C89C9EAACE40}.Debug|Any CPU.ActiveCfg = Debug|Any CPU
		{2E6C2256-22BA-4E60-A728-C89C9EAACE40}.Debug|Any CPU.Build.0 = Debug|Any CPU
		{2E6C2256-22BA-4E60-A728-C89C9EAACE40}.Debug|iPhone.ActiveCfg = Debug|Any CPU
		{2E6C2256-22BA-4E60-A728-C89C9EAACE40}.Debug|iPhone.Build.0 = Debug|Any CPU
		{2E6C2256-22BA-4E60-A728-C89C9EAACE40}.Debug|iPhoneSimulator.ActiveCfg = Debug|Any CPU
		{2E6C2256-22BA-4E60-A728-C89C9EAACE40}.Debug|iPhoneSimulator.Build.0 = Debug|Any CPU
		{2E6C2256-22BA-4E60-A728-C89C9EAACE40}.Release|Any CPU.ActiveCfg = Release|Any CPU
		{2E6C2256-22BA-4E60-A728-C89C9EAACE40}.Release|Any CPU.Build.0 = Release|Any CPU
		{2E6C2256-22BA-4E60-A728-C89C9EAACE40}.Release|iPhone.ActiveCfg = Release|Any CPU
		{2E6C2256-22BA-4E60-A728-C89C9EAACE40}.Release|iPhone.Build.0 = Release|Any CPU
		{2E6C2256-22BA-4E60-A728-C89C9EAACE40}.Release|iPhoneSimulator.ActiveCfg = Release|Any CPU
		{2E6C2256-22BA-4E60-A728-C89C9EAACE40}.Release|iPhoneSimulator.Build.0 = Release|Any CPU
	EndGlobalSection
	GlobalSection(SolutionProperties) = preSolution
		HideSolutionNode = FALSE
	EndGlobalSection
	GlobalSection(ExtensibilityGlobals) = postSolution
		SolutionGuid = {2710C360-827A-423A-A4BB-3CFAC6410D33}
	EndGlobalSection
EndGlobal
